{
  "requires": true,
  "lockfileVersion": 1,
  "dependencies": {
    "nanoid": {
      "version": "2.1.8",
      "resolved": "https://registry.npmjs.org/nanoid/-/nanoid-2.1.8.tgz",
      "integrity": "sha512-g1z+n5s26w0TGKh7gjn7HCqurNKMZWzH08elXzh/gM/csQHd/UqDV6uxMghQYg9IvqRPm1QpeMk50YMofHvEjQ=="
    },
    "shortid": {
      "version": "2.2.15",
      "resolved": "https://registry.npmjs.org/shortid/-/shortid-2.2.15.tgz",
      "integrity": "sha512-5EaCy2mx2Jgc/Fdn9uuDuNIIfWBpzY4XIlhoqtXF6qsf+/+SGZ+FxDdX/ZsMZiWupIWNqAEmiNY4RC+LSmCeOw==",
      "requires": {
        "nanoid": "^2.1.0"
      }
    }
  }
}
